Microsoft Visual Studio Solution File, Format Version 12.00
# Visual Studio 2012
Project("{FAE04EC0-301F-11D3-BF4B-00C04F79EFBC}") = "grid", "grid.csproj", "{D4C6120D-1D35-453D-9B83-666D05F1D287}"
EndProject
Global
	GlobalSection(SolutionConfigurationPlatforms) = preSolution
	Debug|Any CPU = Debug|Any CPU
	ExportDebug|Any CPU = ExportDebug|Any CPU
	ExportRelease|Any CPU = ExportRelease|Any CPU
	EndGlobalSection
	GlobalSection(ProjectConfigurationPlatforms) = postSolution
		{D4C6120D-1D35-453D-9B83-666D05F1D287}.Debug|Any CPU.ActiveCfg = Debug|Any CPU
		{D4C6120D-1D35-453D-9B83-666D05F1D287}.Debug|Any CPU.Build.0 = Debug|Any CPU
		{D4C6120D-1D35-453D-9B83-666D05F1D287}.ExportDebug|Any CPU.ActiveCfg = ExportDebug|Any CPU
		{D4C6120D-1D35-453D-9B83-666D05F1D287}.ExportDebug|Any CPU.Build.0 = ExportDebug|Any CPU
		{D4C6120D-1D35-453D-9B83-666D05F1D287}.ExportRelease|Any CPU.ActiveCfg = ExportRelease|Any CPU
		{D4C6120D-1D35-453D-9B83-666D05F1D287}.ExportRelease|Any CPU.Build.0 = ExportRelease|Any CPU
	EndGlobalSection
EndGlobal
