Microsoft Visual Studio Solution File, Format Version 12.00
# Visual Studio 2012
Project("{FAE04EC0-301F-11D3-BF4B-00C04F79EFBC}") = "Hello World", "Hello World.csproj", "{03B14FD3-F18E-4DFC-9A9C-1AF90D9B6019}"
EndProject
Global
	GlobalSection(SolutionConfigurationPlatforms) = preSolution
	Debug|Any CPU = Debug|Any CPU
	ExportDebug|Any CPU = ExportDebug|Any CPU
	ExportRelease|Any CPU = ExportRelease|Any CPU
	EndGlobalSection
	GlobalSection(ProjectConfigurationPlatforms) = postSolution
		{03B14FD3-F18E-4DFC-9A9C-1AF90D9B6019}.Debug|Any CPU.ActiveCfg = Debug|Any CPU
		{03B14FD3-F18E-4DFC-9A9C-1AF90D9B6019}.Debug|Any CPU.Build.0 = Debug|Any CPU
		{03B14FD3-F18E-4DFC-9A9C-1AF90D9B6019}.ExportDebug|Any CPU.ActiveCfg = ExportDebug|Any CPU
		{03B14FD3-F18E-4DFC-9A9C-1AF90D9B6019}.ExportDebug|Any CPU.Build.0 = ExportDebug|Any CPU
		{03B14FD3-F18E-4DFC-9A9C-1AF90D9B6019}.ExportRelease|Any CPU.ActiveCfg = ExportRelease|Any CPU
		{03B14FD3-F18E-4DFC-9A9C-1AF90D9B6019}.ExportRelease|Any CPU.Build.0 = ExportRelease|Any CPU
	EndGlobalSection
EndGlobal
