Microsoft Visual Studio Solution File, Format Version 12.00
# Visual Studio 2012
Project("{FAE04EC0-301F-11D3-BF4B-00C04F79EFBC}") = "astro", "astro.csproj", "{2C4BC10A-1406-49C5-A379-65C579934FCA}"
EndProject
Global
	GlobalSection(SolutionConfigurationPlatforms) = preSolution
	Debug|Any CPU = Debug|Any CPU
	ExportDebug|Any CPU = ExportDebug|Any CPU
	ExportRelease|Any CPU = ExportRelease|Any CPU
	EndGlobalSection
	GlobalSection(ProjectConfigurationPlatforms) = postSolution
		{2C4BC10A-1406-49C5-A379-65C579934FCA}.Debug|Any CPU.ActiveCfg = Debug|Any CPU
		{2C4BC10A-1406-49C5-A379-65C579934FCA}.Debug|Any CPU.Build.0 = Debug|Any CPU
		{2C4BC10A-1406-49C5-A379-65C579934FCA}.ExportDebug|Any CPU.ActiveCfg = ExportDebug|Any CPU
		{2C4BC10A-1406-49C5-A379-65C579934FCA}.ExportDebug|Any CPU.Build.0 = ExportDebug|Any CPU
		{2C4BC10A-1406-49C5-A379-65C579934FCA}.ExportRelease|Any CPU.ActiveCfg = ExportRelease|Any CPU
		{2C4BC10A-1406-49C5-A379-65C579934FCA}.ExportRelease|Any CPU.Build.0 = ExportRelease|Any CPU
	EndGlobalSection
EndGlobal
