Microsoft Visual Studio Solution File, Format Version 12.00
# Visual Studio 2012
Project("{FAE04EC0-301F-11D3-BF4B-00C04F79EFBC}") = "fireball", "fireball.csproj", "{575139B9-8086-438D-8F8C-DCD4C8BEF018}"
EndProject
Global
	GlobalSection(SolutionConfigurationPlatforms) = preSolution
	Debug|Any CPU = Debug|Any CPU
	ExportDebug|Any CPU = ExportDebug|Any CPU
	ExportRelease|Any CPU = ExportRelease|Any CPU
	EndGlobalSection
	GlobalSection(ProjectConfigurationPlatforms) = postSolution
		{575139B9-8086-438D-8F8C-DCD4C8BEF018}.Debug|Any CPU.ActiveCfg = Debug|Any CPU
		{575139B9-8086-438D-8F8C-DCD4C8BEF018}.Debug|Any CPU.Build.0 = Debug|Any CPU
		{575139B9-8086-438D-8F8C-DCD4C8BEF018}.ExportDebug|Any CPU.ActiveCfg = ExportDebug|Any CPU
		{575139B9-8086-438D-8F8C-DCD4C8BEF018}.ExportDebug|Any CPU.Build.0 = ExportDebug|Any CPU
		{575139B9-8086-438D-8F8C-DCD4C8BEF018}.ExportRelease|Any CPU.ActiveCfg = ExportRelease|Any CPU
		{575139B9-8086-438D-8F8C-DCD4C8BEF018}.ExportRelease|Any CPU.Build.0 = ExportRelease|Any CPU
	EndGlobalSection
EndGlobal
